
Microsoft Visual Studio Solution File, Format Version 12.00
# Visual Studio Version 16
VisualStudioVersion = 16.0.29709.97
MinimumVisualStudioVersion = 10.0.40219.1
Project("{FAE04EC0-301F-11D3-BF4B-00C04F79EFBC}") = "CSC4151-ProfileService", "CSC4151-ProfileService\CSC4151-ProfileService.csproj", "{09AA8ABC-4262-497F-878A-F6CDFAC9B06B}"
EndProject
Global
	GlobalSection(SolutionConfigurationPlatforms) = preSolution
		Debug|Any CPU = Debug|Any CPU
		Release|Any CPU = Release|Any CPU
	EndGlobalSection
	GlobalSection(ProjectConfigurationPlatforms) = postSolution
		{09AA8ABC-4262-497F-878A-F6CDFAC9B06B}.Debug|Any CPU.ActiveCfg = Debug|Any CPU
		{09AA8ABC-4262-497F-878A-F6CDFAC9B06B}.Debug|Any CPU.Build.0 = Debug|Any CPU
		{09AA8ABC-4262-497F-878A-F6CDFAC9B06B}.Release|Any CPU.ActiveCfg = Release|Any CPU
		{09AA8ABC-4262-497F-878A-F6CDFAC9B06B}.Release|Any CPU.Build.0 = Release|Any CPU
	EndGlobalSection
	GlobalSection(SolutionProperties) = preSolution
		HideSolutionNode = FALSE
	EndGlobalSection
	GlobalSection(ExtensibilityGlobals) = postSolution
		SolutionGuid = {B5F53127-507E-4778-BD4D-15E25D150369}
	EndGlobalSection
EndGlobal
